
Microsoft Visual Studio Solution File, Format Version 12.00
# Visual Studio 15
VisualStudioVersion = 15.0.26124.0
MinimumVisualStudioVersion = 15.0.26124.0
Project("{9A19103F-16F7-4668-BE54-9A1E7A4F7556}") = "R5T.Plymouth.Construction", "R5T.Plymouth.Construction\R5T.Plymouth.Construction.csproj", "{B3E0909B-BED7-4558-90DE-7D1DC798D758}"
EndProject
Project("{9A19103F-16F7-4668-BE54-9A1E7A4F7556}") = "R5T.Plymouth", "R5T.Plymouth\R5T.Plymouth.csproj", "{874014FB-E933-4614-B99B-3D29D10574A4}"
EndProject
Project("{9A19103F-16F7-4668-BE54-9A1E7A4F7556}") = "R5T.Plymouth.Startup", "R5T.Plymouth.Startup\R5T.Plymouth.Startup.csproj", "{718EBD1D-9AF1-4892-AEEA-C239F96FE583}"
EndProject
Project("{9A19103F-16F7-4668-BE54-9A1E7A4F7556}") = "R5T.Plymouth.Host", "R5T.Plymouth.Host\R5T.Plymouth.Host.csproj", "{BD763B64-4A96-4D04-BCD0-DC6388C091F6}"
EndProject
Project("{9A19103F-16F7-4668-BE54-9A1E7A4F7556}") = "R5T.Plymouth.ProgramAsAService", "R5T.Plymouth.ProgramAsAService\R5T.Plymouth.ProgramAsAService.csproj", "{CFDA78F3-CC59-4B10-B83A-1C6F5A9B2F80}"
EndProject
Project("{9A19103F-16F7-4668-BE54-9A1E7A4F7556}") = "R5T.Plymouth.Web", "R5T.Plymouth.Web\R5T.Plymouth.Web.csproj", "{634A0BB2-6609-4513-8285-8F5162669438}"
EndProject
Project("{9A19103F-16F7-4668-BE54-9A1E7A4F7556}") = "R5T.Plymouth.Web.Startup", "R5T.Plymouth.Web.Startup\R5T.Plymouth.Web.Startup.csproj", "{7B653594-633E-4069-BB92-15A9A7E5C271}"
EndProject
Project("{9A19103F-16F7-4668-BE54-9A1E7A4F7556}") = "R5T.Plymouth.WebHost", "R5T.Plymouth.WebHost\R5T.Plymouth.WebHost.csproj", "{86121DA3-5ABB-4963-B258-30C4122BE8D4}"
EndProject
Project("{2150E333-8FDC-42A3-9474-1A3956D46DE8}") = "_Dependencies", "_Dependencies", "{13BFF37F-61B8-4E97-8872-60A10177E93E}"
EndProject
Project("{9A19103F-16F7-4668-BE54-9A1E7A4F7556}") = "R5T.Dacia.Extensions", "..\..\R5T.Dacia.Extensions\source\R5T.Dacia.Extensions\R5T.Dacia.Extensions.csproj", "{4AB2A36B-6282-42C6-8480-8CB0F0BB44C8}"
EndProject
Project("{9A19103F-16F7-4668-BE54-9A1E7A4F7556}") = "R5T.Dacia", "..\..\R5T.Dacia\source\R5T.Dacia\R5T.Dacia.csproj", "{BBC0E47F-A865-4E2F-9AD9-AEFCF5F8B1C4}"
EndProject
Project("{9A19103F-16F7-4668-BE54-9A1E7A4F7556}") = "R5T.Chamavia.Extensions", "..\..\R5T.Chamavia.Extensions\source\R5T.Chamavia.Extensions\R5T.Chamavia.Extensions.csproj", "{25FA8043-8BE6-40CF-9DCF-EDDA44584BA1}"
EndProject
Project("{9A19103F-16F7-4668-BE54-9A1E7A4F7556}") = "R5T.Chamavia", "..\..\R5T.Chamavia\source\R5T.Chamavia\R5T.Chamavia.csproj", "{76203B50-6CE2-44F3-AAFA-1549302F7765}"
EndProject
Project("{9A19103F-16F7-4668-BE54-9A1E7A4F7556}") = "R5T.Herulia.Extensions", "..\..\R5T.Herulia\source\R5T.Herulia.Extensions\R5T.Herulia.Extensions.csproj", "{36934EC1-A0DE-45DB-87C0-55E92902085B}"
EndProject
Project("{9A19103F-16F7-4668-BE54-9A1E7A4F7556}") = "R5T.Herulia", "..\..\R5T.Herulia\source\R5T.Herulia\R5T.Herulia.csproj", "{D16C0940-D629-4689-8F8C-BC2A9D39C65C}"
EndProject
Project("{9A19103F-16F7-4668-BE54-9A1E7A4F7556}") = "R5T.Plymouth.ServiceProvider", "R5T.Plymouth.ServiceProvider\R5T.Plymouth.ServiceProvider.csproj", "{19F2BE1C-BB42-4654-9C3A-528D67B814A1}"
EndProject
Project("{9A19103F-16F7-4668-BE54-9A1E7A4F7556}") = "R5T.Hostia.Extensions", "..\..\R5T.Hostia\source\R5T.Hostia.Extensions\R5T.Hostia.Extensions.csproj", "{77C08DF9-C842-4B1D-BBCA-9B9C165A8428}"
EndProject
Project("{9A19103F-16F7-4668-BE54-9A1E7A4F7556}") = "R5T.Hostia", "..\..\R5T.Hostia\source\R5T.Hostia\R5T.Hostia.csproj", "{12DED5DF-5FEF-4A31-8118-F45B7C876C23}"
EndProject
Project("{9A19103F-16F7-4668-BE54-9A1E7A4F7556}") = "R5T.Langobard.Console", "..\..\R5T.Langobard\source\R5T.Langobard.Console\R5T.Langobard.Console.csproj", "{044A4C2A-397E-4186-8C52-285E1EBED7D6}"
EndProject
Project("{9A19103F-16F7-4668-BE54-9A1E7A4F7556}") = "R5T.Langobard", "..\..\R5T.Langobard\source\R5T.Langobard\R5T.Langobard.csproj", "{24BBF45E-2A42-4C58-94F0-2126C9F13683}"
EndProject
Project("{9A19103F-16F7-4668-BE54-9A1E7A4F7556}") = "R5T.Langobard.Extensions", "..\..\R5T.Langobard.Extensions\source\R5T.Langobard.Extensions\R5T.Langobard.Extensions.csproj", "{B3D70E07-7C00-4467-94C5-EF8A8F523717}"
EndProject
Project("{9A19103F-16F7-4668-BE54-9A1E7A4F7556}") = "R5T.Plymouth.Construction.Web", "R5T.Plymouth.Construction.Web\R5T.Plymouth.Construction.Web.csproj", "{7E05B880-E304-46CA-AF50-730010D8D9A9}"
EndProject
Global
	GlobalSection(SolutionConfigurationPlatforms) = preSolution
		Debug|Any CPU = Debug|Any CPU
		Debug|x64 = Debug|x64
		Debug|x86 = Debug|x86
		Release|Any CPU = Release|Any CPU
		Release|x64 = Release|x64
		Release|x86 = Release|x86
	EndGlobalSection
	GlobalSection(ProjectConfigurationPlatforms) = postSolution
		{B3E0909B-BED7-4558-90DE-7D1DC798D758}.Debug|Any CPU.ActiveCfg = Debug|Any CPU
		{B3E0909B-BED7-4558-90DE-7D1DC798D758}.Debug|Any CPU.Build.0 = Debug|Any CPU
		{B3E0909B-BED7-4558-90DE-7D1DC798D758}.Debug|x64.ActiveCfg = Debug|Any CPU
		{B3E0909B-BED7-4558-90DE-7D1DC798D758}.Debug|x64.Build.0 = Debug|Any CPU
		{B3E0909B-BED7-4558-90DE-7D1DC798D758}.Debug|x86.ActiveCfg = Debug|Any CPU
		{B3E0909B-BED7-4558-90DE-7D1DC798D758}.Debug|x86.Build.0 = Debug|Any CPU
		{B3E0909B-BED7-4558-90DE-7D1DC798D758}.Release|Any CPU.ActiveCfg = Release|Any CPU
		{B3E0909B-BED7-4558-90DE-7D1DC798D758}.Release|Any CPU.Build.0 = Release|Any CPU
		{B3E0909B-BED7-4558-90DE-7D1DC798D758}.Release|x64.ActiveCfg = Release|Any CPU
		{B3E0909B-BED7-4558-90DE-7D1DC798D758}.Release|x64.Build.0 = Release|Any CPU
		{B3E0909B-BED7-4558-90DE-7D1DC798D758}.Release|x86.ActiveCfg = Release|Any CPU
		{B3E0909B-BED7-4558-90DE-7D1DC798D758}.Release|x86.Build.0 = Release|Any CPU
		{874014FB-E933-4614-B99B-3D29D10574A4}.Debug|Any CPU.ActiveCfg = Debug|Any CPU
		{874014FB-E933-4614-B99B-3D29D10574A4}.Debug|Any CPU.Build.0 = Debug|Any CPU
		{874014FB-E933-4614-B99B-3D29D10574A4}.Debug|x64.ActiveCfg = Debug|Any CPU
		{874014FB-E933-4614-B99B-3D29D10574A4}.Debug|x64.Build.0 = Debug|Any CPU
		{874014FB-E933-4614-B99B-3D29D10574A4}.Debug|x86.ActiveCfg = Debug|Any CPU
		{874014FB-E933-4614-B99B-3D29D10574A4}.Debug|x86.Build.0 = Debug|Any CPU
		{874014FB-E933-4614-B99B-3D29D10574A4}.Release|Any CPU.ActiveCfg = Release|Any CPU
		{874014FB-E933-4614-B99B-3D29D10574A4}.Release|Any CPU.Build.0 = Release|Any CPU
		{874014FB-E933-4614-B99B-3D29D10574A4}.Release|x64.ActiveCfg = Release|Any CPU
		{874014FB-E933-4614-B99B-3D29D10574A4}.Release|x64.Build.0 = Release|Any CPU
		{874014FB-E933-4614-B99B-3D29D10574A4}.Release|x86.ActiveCfg = Release|Any CPU
		{874014FB-E933-4614-B99B-3D29D10574A4}.Release|x86.Build.0 = Release|Any CPU
		{718EBD1D-9AF1-4892-AEEA-C239F96FE583}.Debug|Any CPU.ActiveCfg = Debug|Any CPU
		{718EBD1D-9AF1-4892-AEEA-C239F96FE583}.Debug|Any CPU.Build.0 = Debug|Any CPU
		{718EBD1D-9AF1-4892-AEEA-C239F96FE583}.Debug|x64.ActiveCfg = Debug|Any CPU
		{718EBD1D-9AF1-4892-AEEA-C239F96FE583}.Debug|x64.Build.0 = Debug|Any CPU
		{718EBD1D-9AF1-4892-AEEA-C239F96FE583}.Debug|x86.ActiveCfg = Debug|Any CPU
		{718EBD1D-9AF1-4892-AEEA-C239F96FE583}.Debug|x86.Build.0 = Debug|Any CPU
		{718EBD1D-9AF1-4892-AEEA-C239F96FE583}.Release|Any CPU.ActiveCfg = Release|Any CPU
		{718EBD1D-9AF1-4892-AEEA-C239F96FE583}.Release|Any CPU.Build.0 = Release|Any CPU
		{718EBD1D-9AF1-4892-AEEA-C239F96FE583}.Release|x64.ActiveCfg = Release|Any CPU
		{718EBD1D-9AF1-4892-AEEA-C239F96FE583}.Release|x64.Build.0 = Release|Any CPU
		{718EBD1D-9AF1-4892-AEEA-C239F96FE583}.Release|x86.ActiveCfg = Release|Any CPU
		{718EBD1D-9AF1-4892-AEEA-C239F96FE583}.Release|x86.Build.0 = Release|Any CPU
		{BD763B64-4A96-4D04-BCD0-DC6388C091F6}.Debug|Any CPU.ActiveCfg = Debug|Any CPU
		{BD763B64-4A96-4D04-BCD0-DC6388C091F6}.Debug|Any CPU.Build.0 = Debug|Any CPU
		{BD763B64-4A96-4D04-BCD0-DC6388C091F6}.Debug|x64.ActiveCfg = Debug|Any CPU
		{BD763B64-4A96-4D04-BCD0-DC6388C091F6}.Debug|x64.Build.0 = Debug|Any CPU
		{BD763B64-4A96-4D04-BCD0-DC6388C091F6}.Debug|x86.ActiveCfg = Debug|Any CPU
		{BD763B64-4A96-4D04-BCD0-DC6388C091F6}.Debug|x86.Build.0 = Debug|Any CPU
		{BD763B64-4A96-4D04-BCD0-DC6388C091F6}.Release|Any CPU.ActiveCfg = Release|Any CPU
		{BD763B64-4A96-4D04-BCD0-DC6388C091F6}.Release|Any CPU.Build.0 = Release|Any CPU
		{BD763B64-4A96-4D04-BCD0-DC6388C091F6}.Release|x64.ActiveCfg = Release|Any CPU
		{BD763B64-4A96-4D04-BCD0-DC6388C091F6}.Release|x64.Build.0 = Release|Any CPU
		{BD763B64-4A96-4D04-BCD0-DC6388C091F6}.Release|x86.ActiveCfg = Release|Any CPU
		{BD763B64-4A96-4D04-BCD0-DC6388C091F6}.Release|x86.Build.0 = Release|Any CPU
		{CFDA78F3-CC59-4B10-B83A-1C6F5A9B2F80}.Debug|Any CPU.ActiveCfg = Debug|Any CPU
		{CFDA78F3-CC59-4B10-B83A-1C6F5A9B2F80}.Debug|Any CPU.Build.0 = Debug|Any CPU
		{CFDA78F3-CC59-4B10-B83A-1C6F5A9B2F80}.Debug|x64.ActiveCfg = Debug|Any CPU
		{CFDA78F3-CC59-4B10-B83A-1C6F5A9B2F80}.Debug|x64.Build.0 = Debug|Any CPU
		{CFDA78F3-CC59-4B10-B83A-1C6F5A9B2F80}.Debug|x86.ActiveCfg = Debug|Any CPU
		{CFDA78F3-CC59-4B10-B83A-1C6F5A9B2F80}.Debug|x86.Build.0 = Debug|Any CPU
		{CFDA78F3-CC59-4B10-B83A-1C6F5A9B2F80}.Release|Any CPU.ActiveCfg = Release|Any CPU
		{CFDA78F3-CC59-4B10-B83A-1C6F5A9B2F80}.Release|Any CPU.Build.0 = Release|Any CPU
		{CFDA78F3-CC59-4B10-B83A-1C6F5A9B2F80}.Release|x64.ActiveCfg = Release|Any CPU
		{CFDA78F3-CC59-4B10-B83A-1C6F5A9B2F80}.Release|x64.Build.0 = Release|Any CPU
		{CFDA78F3-CC59-4B10-B83A-1C6F5A9B2F80}.Release|x86.ActiveCfg = Release|Any CPU
		{CFDA78F3-CC59-4B10-B83A-1C6F5A9B2F80}.Release|x86.Build.0 = Release|Any CPU
		{634A0BB2-6609-4513-8285-8F5162669438}.Debug|Any CPU.ActiveCfg = Debug|Any CPU
		{634A0BB2-6609-4513-8285-8F5162669438}.Debug|Any CPU.Build.0 = Debug|Any CPU
		{634A0BB2-6609-4513-8285-8F5162669438}.Debug|x64.ActiveCfg = Debug|Any CPU
		{634A0BB2-6609-4513-8285-8F5162669438}.Debug|x64.Build.0 = Debug|Any CPU
		{634A0BB2-6609-4513-8285-8F5162669438}.Debug|x86.ActiveCfg = Debug|Any CPU
		{634A0BB2-6609-4513-8285-8F5162669438}.Debug|x86.Build.0 = Debug|Any CPU
		{634A0BB2-6609-4513-8285-8F5162669438}.Release|Any CPU.ActiveCfg = Release|Any CPU
		{634A0BB2-6609-4513-8285-8F5162669438}.Release|Any CPU.Build.0 = Release|Any CPU
		{634A0BB2-6609-4513-8285-8F5162669438}.Release|x64.ActiveCfg = Release|Any CPU
		{634A0BB2-6609-4513-8285-8F5162669438}.Release|x64.Build.0 = Release|Any CPU
		{634A0BB2-6609-4513-8285-8F5162669438}.Release|x86.ActiveCfg = Release|Any CPU
		{634A0BB2-6609-4513-8285-8F5162669438}.Release|x86.Build.0 = Release|Any CPU
		{7B653594-633E-4069-BB92-15A9A7E5C271}.Debug|Any CPU.ActiveCfg = Debug|Any CPU
		{7B653594-633E-4069-BB92-15A9A7E5C271}.Debug|Any CPU.Build.0 = Debug|Any CPU
		{7B653594-633E-4069-BB92-15A9A7E5C271}.Debug|x64.ActiveCfg = Debug|Any CPU
		{7B653594-633E-4069-BB92-15A9A7E5C271}.Debug|x64.Build.0 = Debug|Any CPU
		{7B653594-633E-4069-BB92-15A9A7E5C271}.Debug|x86.ActiveCfg = Debug|Any CPU
		{7B653594-633E-4069-BB92-15A9A7E5C271}.Debug|x86.Build.0 = Debug|Any CPU
		{7B653594-633E-4069-BB92-15A9A7E5C271}.Release|Any CPU.ActiveCfg = Release|Any CPU
		{7B653594-633E-4069-BB92-15A9A7E5C271}.Release|Any CPU.Build.0 = Release|Any CPU
		{7B653594-633E-4069-BB92-15A9A7E5C271}.Release|x64.ActiveCfg = Release|Any CPU
		{7B653594-633E-4069-BB92-15A9A7E5C271}.Release|x64.Build.0 = Release|Any CPU
		{7B653594-633E-4069-BB92-15A9A7E5C271}.Release|x86.ActiveCfg = Release|Any CPU
		{7B653594-633E-4069-BB92-15A9A7E5C271}.Release|x86.Build.0 = Release|Any CPU
		{86121DA3-5ABB-4963-B258-30C4122BE8D4}.Debug|Any CPU.ActiveCfg = Debug|Any CPU
		{86121DA3-5ABB-4963-B258-30C4122BE8D4}.Debug|Any CPU.Build.0 = Debug|Any CPU
		{86121DA3-5ABB-4963-B258-30C4122BE8D4}.Debug|x64.ActiveCfg = Debug|Any CPU
		{86121DA3-5ABB-4963-B258-30C4122BE8D4}.Debug|x64.Build.0 = Debug|Any CPU
		{86121DA3-5ABB-4963-B258-30C4122BE8D4}.Debug|x86.ActiveCfg = Debug|Any CPU
		{86121DA3-5ABB-4963-B258-30C4122BE8D4}.Debug|x86.Build.0 = Debug|Any CPU
		{86121DA3-5ABB-4963-B258-30C4122BE8D4}.Release|Any CPU.ActiveCfg = Release|Any CPU
		{86121DA3-5ABB-4963-B258-30C4122BE8D4}.Release|Any CPU.Build.0 = Release|Any CPU
		{86121DA3-5ABB-4963-B258-30C4122BE8D4}.Release|x64.ActiveCfg = Release|Any CPU
		{86121DA3-5ABB-4963-B258-30C4122BE8D4}.Release|x64.Build.0 = Release|Any CPU
		{86121DA3-5ABB-4963-B258-30C4122BE8D4}.Release|x86.ActiveCfg = Release|Any CPU
		{86121DA3-5ABB-4963-B258-30C4122BE8D4}.Release|x86.Build.0 = Release|Any CPU
		{4AB2A36B-6282-42C6-8480-8CB0F0BB44C8}.Debug|Any CPU.ActiveCfg = Debug|Any CPU
		{4AB2A36B-6282-42C6-8480-8CB0F0BB44C8}.Debug|Any CPU.Build.0 = Debug|Any CPU
		{4AB2A36B-6282-42C6-8480-8CB0F0BB44C8}.Debug|x64.ActiveCfg = Debug|Any CPU
		{4AB2A36B-6282-42C6-8480-8CB0F0BB44C8}.Debug|x64.Build.0 = Debug|Any CPU
		{4AB2A36B-6282-42C6-8480-8CB0F0BB44C8}.Debug|x86.ActiveCfg = Debug|Any CPU
		{4AB2A36B-6282-42C6-8480-8CB0F0BB44C8}.Debug|x86.Build.0 = Debug|Any CPU
		{4AB2A36B-6282-42C6-8480-8CB0F0BB44C8}.Release|Any CPU.ActiveCfg = Release|Any CPU
		{4AB2A36B-6282-42C6-8480-8CB0F0BB44C8}.Release|Any CPU.Build.0 = Release|Any CPU
		{4AB2A36B-6282-42C6-8480-8CB0F0BB44C8}.Release|x64.ActiveCfg = Release|Any CPU
		{4AB2A36B-6282-42C6-8480-8CB0F0BB44C8}.Release|x64.Build.0 = Release|Any CPU
		{4AB2A36B-6282-42C6-8480-8CB0F0BB44C8}.Release|x86.ActiveCfg = Release|Any CPU
		{4AB2A36B-6282-42C6-8480-8CB0F0BB44C8}.Release|x86.Build.0 = Release|Any CPU
		{BBC0E47F-A865-4E2F-9AD9-AEFCF5F8B1C4}.Debug|Any CPU.ActiveCfg = Debug|Any CPU
		{BBC0E47F-A865-4E2F-9AD9-AEFCF5F8B1C4}.Debug|Any CPU.Build.0 = Debug|Any CPU
		{BBC0E47F-A865-4E2F-9AD9-AEFCF5F8B1C4}.Debug|x64.ActiveCfg = Debug|Any CPU
		{BBC0E47F-A865-4E2F-9AD9-AEFCF5F8B1C4}.Debug|x64.Build.0 = Debug|Any CPU
		{BBC0E47F-A865-4E2F-9AD9-AEFCF5F8B1C4}.Debug|x86.ActiveCfg = Debug|Any CPU
		{BBC0E47F-A865-4E2F-9AD9-AEFCF5F8B1C4}.Debug|x86.Build.0 = Debug|Any CPU
		{BBC0E47F-A865-4E2F-9AD9-AEFCF5F8B1C4}.Release|Any CPU.ActiveCfg = Release|Any CPU
		{BBC0E47F-A865-4E2F-9AD9-AEFCF5F8B1C4}.Release|Any CPU.Build.0 = Release|Any CPU
		{BBC0E47F-A865-4E2F-9AD9-AEFCF5F8B1C4}.Release|x64.ActiveCfg = Release|Any CPU
		{BBC0E47F-A865-4E2F-9AD9-AEFCF5F8B1C4}.Release|x64.Build.0 = Release|Any CPU
		{BBC0E47F-A865-4E2F-9AD9-AEFCF5F8B1C4}.Release|x86.ActiveCfg = Release|Any CPU
		{BBC0E47F-A865-4E2F-9AD9-AEFCF5F8B1C4}.Release|x86.Build.0 = Release|Any CPU
		{25FA8043-8BE6-40CF-9DCF-EDDA44584BA1}.Debug|Any CPU.ActiveCfg = Debug|Any CPU
		{25FA8043-8BE6-40CF-9DCF-EDDA44584BA1}.Debug|Any CPU.Build.0 = Debug|Any CPU
		{25FA8043-8BE6-40CF-9DCF-EDDA44584BA1}.Debug|x64.ActiveCfg = Debug|Any CPU
		{25FA8043-8BE6-40CF-9DCF-EDDA44584BA1}.Debug|x64.Build.0 = Debug|Any CPU
		{25FA8043-8BE6-40CF-9DCF-EDDA44584BA1}.Debug|x86.ActiveCfg = Debug|Any CPU
		{25FA8043-8BE6-40CF-9DCF-EDDA44584BA1}.Debug|x86.Build.0 = Debug|Any CPU
		{25FA8043-8BE6-40CF-9DCF-EDDA44584BA1}.Release|Any CPU.ActiveCfg = Release|Any CPU
		{25FA8043-8BE6-40CF-9DCF-EDDA44584BA1}.Release|Any CPU.Build.0 = Release|Any CPU
		{25FA8043-8BE6-40CF-9DCF-EDDA44584BA1}.Release|x64.ActiveCfg = Release|Any CPU
		{25FA8043-8BE6-40CF-9DCF-EDDA44584BA1}.Release|x64.Build.0 = Release|Any CPU
		{25FA8043-8BE6-40CF-9DCF-EDDA44584BA1}.Release|x86.ActiveCfg = Release|Any CPU
		{25FA8043-8BE6-40CF-9DCF-EDDA44584BA1}.Release|x86.Build.0 = Release|Any CPU
		{76203B50-6CE2-44F3-AAFA-1549302F7765}.Debug|Any CPU.ActiveCfg = Debug|Any CPU
		{76203B50-6CE2-44F3-AAFA-1549302F7765}.Debug|Any CPU.Build.0 = Debug|Any CPU
		{76203B50-6CE2-44F3-AAFA-1549302F7765}.Debug|x64.ActiveCfg = Debug|Any CPU
		{76203B50-6CE2-44F3-AAFA-1549302F7765}.Debug|x64.Build.0 = Debug|Any CPU
		{76203B50-6CE2-44F3-AAFA-1549302F7765}.Debug|x86.ActiveCfg = Debug|Any CPU
		{76203B50-6CE2-44F3-AAFA-1549302F7765}.Debug|x86.Build.0 = Debug|Any CPU
		{76203B50-6CE2-44F3-AAFA-1549302F7765}.Release|Any CPU.ActiveCfg = Release|Any CPU
		{76203B50-6CE2-44F3-AAFA-1549302F7765}.Release|Any CPU.Build.0 = Release|Any CPU
		{76203B50-6CE2-44F3-AAFA-1549302F7765}.Release|x64.ActiveCfg = Release|Any CPU
		{76203B50-6CE2-44F3-AAFA-1549302F7765}.Release|x64.Build.0 = Release|Any CPU
		{76203B50-6CE2-44F3-AAFA-1549302F7765}.Release|x86.ActiveCfg = Release|Any CPU
		{76203B50-6CE2-44F3-AAFA-1549302F7765}.Release|x86.Build.0 = Release|Any CPU
		{36934EC1-A0DE-45DB-87C0-55E92902085B}.Debug|Any CPU.ActiveCfg = Debug|Any CPU
		{36934EC1-A0DE-45DB-87C0-55E92902085B}.Debug|Any CPU.Build.0 = Debug|Any CPU
		{36934EC1-A0DE-45DB-87C0-55E92902085B}.Debug|x64.ActiveCfg = Debug|Any CPU
		{36934EC1-A0DE-45DB-87C0-55E92902085B}.Debug|x64.Build.0 = Debug|Any CPU
		{36934EC1-A0DE-45DB-87C0-55E92902085B}.Debug|x86.ActiveCfg = Debug|Any CPU
		{36934EC1-A0DE-45DB-87C0-55E92902085B}.Debug|x86.Build.0 = Debug|Any CPU
		{36934EC1-A0DE-45DB-87C0-55E92902085B}.Release|Any CPU.ActiveCfg = Release|Any CPU
		{36934EC1-A0DE-45DB-87C0-55E92902085B}.Release|Any CPU.Build.0 = Release|Any CPU
		{36934EC1-A0DE-45DB-87C0-55E92902085B}.Release|x64.ActiveCfg = Release|Any CPU
		{36934EC1-A0DE-45DB-87C0-55E92902085B}.Release|x64.Build.0 = Release|Any CPU
		{36934EC1-A0DE-45DB-87C0-55E92902085B}.Release|x86.ActiveCfg = Release|Any CPU
		{36934EC1-A0DE-45DB-87C0-55E92902085B}.Release|x86.Build.0 = Release|Any CPU
		{D16C0940-D629-4689-8F8C-BC2A9D39C65C}.Debug|Any CPU.ActiveCfg = Debug|Any CPU
		{D16C0940-D629-4689-8F8C-BC2A9D39C65C}.Debug|Any CPU.Build.0 = Debug|Any CPU
		{D16C0940-D629-4689-8F8C-BC2A9D39C65C}.Debug|x64.ActiveCfg = Debug|Any CPU
		{D16C0940-D629-4689-8F8C-BC2A9D39C65C}.Debug|x64.Build.0 = Debug|Any CPU
		{D16C0940-D629-4689-8F8C-BC2A9D39C65C}.Debug|x86.ActiveCfg = Debug|Any CPU
		{D16C0940-D629-4689-8F8C-BC2A9D39C65C}.Debug|x86.Build.0 = Debug|Any CPU
		{D16C0940-D629-4689-8F8C-BC2A9D39C65C}.Release|Any CPU.ActiveCfg = Release|Any CPU
		{D16C0940-D629-4689-8F8C-BC2A9D39C65C}.Release|Any CPU.Build.0 = Release|Any CPU
		{D16C0940-D629-4689-8F8C-BC2A9D39C65C}.Release|x64.ActiveCfg = Release|Any CPU
		{D16C0940-D629-4689-8F8C-BC2A9D39C65C}.Release|x64.Build.0 = Release|Any CPU
		{D16C0940-D629-4689-8F8C-BC2A9D39C65C}.Release|x86.ActiveCfg = Release|Any CPU
		{D16C0940-D629-4689-8F8C-BC2A9D39C65C}.Release|x86.Build.0 = Release|Any CPU
		{19F2BE1C-BB42-4654-9C3A-528D67B814A1}.Debug|Any CPU.ActiveCfg = Debug|Any CPU
		{19F2BE1C-BB42-4654-9C3A-528D67B814A1}.Debug|Any CPU.Build.0 = Debug|Any CPU
		{19F2BE1C-BB42-4654-9C3A-528D67B814A1}.Debug|x64.ActiveCfg = Debug|Any CPU
		{19F2BE1C-BB42-4654-9C3A-528D67B814A1}.Debug|x64.Build.0 = Debug|Any CPU
		{19F2BE1C-BB42-4654-9C3A-528D67B814A1}.Debug|x86.ActiveCfg = Debug|Any CPU
		{19F2BE1C-BB42-4654-9C3A-528D67B814A1}.Debug|x86.Build.0 = Debug|Any CPU
		{19F2BE1C-BB42-4654-9C3A-528D67B814A1}.Release|Any CPU.ActiveCfg = Release|Any CPU
		{19F2BE1C-BB42-4654-9C3A-528D67B814A1}.Release|Any CPU.Build.0 = Release|Any CPU
		{19F2BE1C-BB42-4654-9C3A-528D67B814A1}.Release|x64.ActiveCfg = Release|Any CPU
		{19F2BE1C-BB42-4654-9C3A-528D67B814A1}.Release|x64.Build.0 = Release|Any CPU
		{19F2BE1C-BB42-4654-9C3A-528D67B814A1}.Release|x86.ActiveCfg = Release|Any CPU
		{19F2BE1C-BB42-4654-9C3A-528D67B814A1}.Release|x86.Build.0 = Release|Any CPU
		{77C08DF9-C842-4B1D-BBCA-9B9C165A8428}.Debug|Any CPU.ActiveCfg = Debug|Any CPU
		{77C08DF9-C842-4B1D-BBCA-9B9C165A8428}.Debug|Any CPU.Build.0 = Debug|Any CPU
		{77C08DF9-C842-4B1D-BBCA-9B9C165A8428}.Debug|x64.ActiveCfg = Debug|Any CPU
		{77C08DF9-C842-4B1D-BBCA-9B9C165A8428}.Debug|x64.Build.0 = Debug|Any CPU
		{77C08DF9-C842-4B1D-BBCA-9B9C165A8428}.Debug|x86.ActiveCfg = Debug|Any CPU
		{77C08DF9-C842-4B1D-BBCA-9B9C165A8428}.Debug|x86.Build.0 = Debug|Any CPU
		{77C08DF9-C842-4B1D-BBCA-9B9C165A8428}.Release|Any CPU.ActiveCfg = Release|Any CPU
		{77C08DF9-C842-4B1D-BBCA-9B9C165A8428}.Release|Any CPU.Build.0 = Release|Any CPU
		{77C08DF9-C842-4B1D-BBCA-9B9C165A8428}.Release|x64.ActiveCfg = Release|Any CPU
		{77C08DF9-C842-4B1D-BBCA-9B9C165A8428}.Release|x64.Build.0 = Release|Any CPU
		{77C08DF9-C842-4B1D-BBCA-9B9C165A8428}.Release|x86.ActiveCfg = Release|Any CPU
		{77C08DF9-C842-4B1D-BBCA-9B9C165A8428}.Release|x86.Build.0 = Release|Any CPU
		{12DED5DF-5FEF-4A31-8118-F45B7C876C23}.Debug|Any CPU.ActiveCfg = Debug|Any CPU
		{12DED5DF-5FEF-4A31-8118-F45B7C876C23}.Debug|Any CPU.Build.0 = Debug|Any CPU
		{12DED5DF-5FEF-4A31-8118-F45B7C876C23}.Debug|x64.ActiveCfg = Debug|Any CPU
		{12DED5DF-5FEF-4A31-8118-F45B7C876C23}.Debug|x64.Build.0 = Debug|Any CPU
		{12DED5DF-5FEF-4A31-8118-F45B7C876C23}.Debug|x86.ActiveCfg = Debug|Any CPU
		{12DED5DF-5FEF-4A31-8118-F45B7C876C23}.Debug|x86.Build.0 = Debug|Any CPU
		{12DED5DF-5FEF-4A31-8118-F45B7C876C23}.Release|Any CPU.ActiveCfg = Release|Any CPU
		{12DED5DF-5FEF-4A31-8118-F45B7C876C23}.Release|Any CPU.Build.0 = Release|Any CPU
		{12DED5DF-5FEF-4A31-8118-F45B7C876C23}.Release|x64.ActiveCfg = Release|Any CPU
		{12DED5DF-5FEF-4A31-8118-F45B7C876C23}.Release|x64.Build.0 = Release|Any CPU
		{12DED5DF-5FEF-4A31-8118-F45B7C876C23}.Release|x86.ActiveCfg = Release|Any CPU
		{12DED5DF-5FEF-4A31-8118-F45B7C876C23}.Release|x86.Build.0 = Release|Any CPU
		{044A4C2A-397E-4186-8C52-285E1EBED7D6}.Debug|Any CPU.ActiveCfg = Debug|Any CPU
		{044A4C2A-397E-4186-8C52-285E1EBED7D6}.Debug|Any CPU.Build.0 = Debug|Any CPU
		{044A4C2A-397E-4186-8C52-285E1EBED7D6}.Debug|x64.ActiveCfg = Debug|Any CPU
		{044A4C2A-397E-4186-8C52-285E1EBED7D6}.Debug|x64.Build.0 = Debug|Any CPU
		{044A4C2A-397E-4186-8C52-285E1EBED7D6}.Debug|x86.ActiveCfg = Debug|Any CPU
		{044A4C2A-397E-4186-8C52-285E1EBED7D6}.Debug|x86.Build.0 = Debug|Any CPU
		{044A4C2A-397E-4186-8C52-285E1EBED7D6}.Release|Any CPU.ActiveCfg = Release|Any CPU
		{044A4C2A-397E-4186-8C52-285E1EBED7D6}.Release|Any CPU.Build.0 = Release|Any CPU
		{044A4C2A-397E-4186-8C52-285E1EBED7D6}.Release|x64.ActiveCfg = Release|Any CPU
		{044A4C2A-397E-4186-8C52-285E1EBED7D6}.Release|x64.Build.0 = Release|Any CPU
		{044A4C2A-397E-4186-8C52-285E1EBED7D6}.Release|x86.ActiveCfg = Release|Any CPU
		{044A4C2A-397E-4186-8C52-285E1EBED7D6}.Release|x86.Build.0 = Release|Any CPU
		{24BBF45E-2A42-4C58-94F0-2126C9F13683}.Debug|Any CPU.ActiveCfg = Debug|Any CPU
		{24BBF45E-2A42-4C58-94F0-2126C9F13683}.Debug|Any CPU.Build.0 = Debug|Any CPU
		{24BBF45E-2A42-4C58-94F0-2126C9F13683}.Debug|x64.ActiveCfg = Debug|Any CPU
		{24BBF45E-2A42-4C58-94F0-2126C9F13683}.Debug|x64.Build.0 = Debug|Any CPU
		{24BBF45E-2A42-4C58-94F0-2126C9F13683}.Debug|x86.ActiveCfg = Debug|Any CPU
		{24BBF45E-2A42-4C58-94F0-2126C9F13683}.Debug|x86.Build.0 = Debug|Any CPU
		{24BBF45E-2A42-4C58-94F0-2126C9F13683}.Release|Any CPU.ActiveCfg = Release|Any CPU
		{24BBF45E-2A42-4C58-94F0-2126C9F13683}.Release|Any CPU.Build.0 = Release|Any CPU
		{24BBF45E-2A42-4C58-94F0-2126C9F13683}.Release|x64.ActiveCfg = Release|Any CPU
		{24BBF45E-2A42-4C58-94F0-2126C9F13683}.Release|x64.Build.0 = Release|Any CPU
		{24BBF45E-2A42-4C58-94F0-2126C9F13683}.Release|x86.ActiveCfg = Release|Any CPU
		{24BBF45E-2A42-4C58-94F0-2126C9F13683}.Release|x86.Build.0 = Release|Any CPU
		{B3D70E07-7C00-4467-94C5-EF8A8F523717}.Debug|Any CPU.ActiveCfg = Debug|Any CPU
		{B3D70E07-7C00-4467-94C5-EF8A8F523717}.Debug|Any CPU.Build.0 = Debug|Any CPU
		{B3D70E07-7C00-4467-94C5-EF8A8F523717}.Debug|x64.ActiveCfg = Debug|Any CPU
		{B3D70E07-7C00-4467-94C5-EF8A8F523717}.Debug|x64.Build.0 = Debug|Any CPU
		{B3D70E07-7C00-4467-94C5-EF8A8F523717}.Debug|x86.ActiveCfg = Debug|Any CPU
		{B3D70E07-7C00-4467-94C5-EF8A8F523717}.Debug|x86.Build.0 = Debug|Any CPU
		{B3D70E07-7C00-4467-94C5-EF8A8F523717}.Release|Any CPU.ActiveCfg = Release|Any CPU
		{B3D70E07-7C00-4467-94C5-EF8A8F523717}.Release|Any CPU.Build.0 = Release|Any CPU
		{B3D70E07-7C00-4467-94C5-EF8A8F523717}.Release|x64.ActiveCfg = Release|Any CPU
		{B3D70E07-7C00-4467-94C5-EF8A8F523717}.Release|x64.Build.0 = Release|Any CPU
		{B3D70E07-7C00-4467-94C5-EF8A8F523717}.Release|x86.ActiveCfg = Release|Any CPU
		{B3D70E07-7C00-4467-94C5-EF8A8F523717}.Release|x86.Build.0 = Release|Any CPU
		{7E05B880-E304-46CA-AF50-730010D8D9A9}.Debug|Any CPU.ActiveCfg = Debug|Any CPU
		{7E05B880-E304-46CA-AF50-730010D8D9A9}.Debug|Any CPU.Build.0 = Debug|Any CPU
		{7E05B880-E304-46CA-AF50-730010D8D9A9}.Debug|x64.ActiveCfg = Debug|Any CPU
		{7E05B880-E304-46CA-AF50-730010D8D9A9}.Debug|x64.Build.0 = Debug|Any CPU
		{7E05B880-E304-46CA-AF50-730010D8D9A9}.Debug|x86.ActiveCfg = Debug|Any CPU
		{7E05B880-E304-46CA-AF50-730010D8D9A9}.Debug|x86.Build.0 = Debug|Any CPU
		{7E05B880-E304-46CA-AF50-730010D8D9A9}.Release|Any CPU.ActiveCfg = Release|Any CPU
		{7E05B880-E304-46CA-AF50-730010D8D9A9}.Release|Any CPU.Build.0 = Release|Any CPU
		{7E05B880-E304-46CA-AF50-730010D8D9A9}.Release|x64.ActiveCfg = Release|Any CPU
		{7E05B880-E304-46CA-AF50-730010D8D9A9}.Release|x64.Build.0 = Release|Any CPU
		{7E05B880-E304-46CA-AF50-730010D8D9A9}.Release|x86.ActiveCfg = Release|Any CPU
		{7E05B880-E304-46CA-AF50-730010D8D9A9}.Release|x86.Build.0 = Release|Any CPU
	EndGlobalSection
	GlobalSection(SolutionProperties) = preSolution
		HideSolutionNode = FALSE
	EndGlobalSection
	GlobalSection(NestedProjects) = preSolution
		{4AB2A36B-6282-42C6-8480-8CB0F0BB44C8} = {13BFF37F-61B8-4E97-8872-60A10177E93E}
		{BBC0E47F-A865-4E2F-9AD9-AEFCF5F8B1C4} = {13BFF37F-61B8-4E97-8872-60A10177E93E}
		{25FA8043-8BE6-40CF-9DCF-EDDA44584BA1} = {13BFF37F-61B8-4E97-8872-60A10177E93E}
		{76203B50-6CE2-44F3-AAFA-1549302F7765} = {13BFF37F-61B8-4E97-8872-60A10177E93E}
		{36934EC1-A0DE-45DB-87C0-55E92902085B} = {13BFF37F-61B8-4E97-8872-60A10177E93E}
		{D16C0940-D629-4689-8F8C-BC2A9D39C65C} = {13BFF37F-61B8-4E97-8872-60A10177E93E}
		{77C08DF9-C842-4B1D-BBCA-9B9C165A8428} = {13BFF37F-61B8-4E97-8872-60A10177E93E}
		{12DED5DF-5FEF-4A31-8118-F45B7C876C23} = {13BFF37F-61B8-4E97-8872-60A10177E93E}
		{044A4C2A-397E-4186-8C52-285E1EBED7D6} = {13BFF37F-61B8-4E97-8872-60A10177E93E}
		{24BBF45E-2A42-4C58-94F0-2126C9F13683} = {13BFF37F-61B8-4E97-8872-60A10177E93E}
		{B3D70E07-7C00-4467-94C5-EF8A8F523717} = {13BFF37F-61B8-4E97-8872-60A10177E93E}
	EndGlobalSection
	GlobalSection(ExtensibilityGlobals) = postSolution
		SolutionGuid = {8510C49D-D5C7-4AF0-B9B3-113E3F492873}
	EndGlobalSection
EndGlobal
