
Microsoft Visual Studio Solution File, Format Version 12.00
# Visual Studio Version 17
VisualStudioVersion = 17.2.32630.192
MinimumVisualStudioVersion = 10.0.40219.1
Project("{9A19103F-16F7-4668-BE54-9A1E7A4F7556}") = "R5T.Plymouth.Construction", "R5T.Plymouth.Construction\R5T.Plymouth.Construction.csproj", "{B3E0909B-BED7-4558-90DE-7D1DC798D758}"
EndProject
Project("{9A19103F-16F7-4668-BE54-9A1E7A4F7556}") = "R5T.Plymouth", "R5T.Plymouth\R5T.Plymouth.csproj", "{874014FB-E933-4614-B99B-3D29D10574A4}"
EndProject
Project("{9A19103F-16F7-4668-BE54-9A1E7A4F7556}") = "R5T.Plymouth.Startup", "R5T.Plymouth.Startup\R5T.Plymouth.Startup.csproj", "{718EBD1D-9AF1-4892-AEEA-C239F96FE583}"
EndProject
Project("{9A19103F-16F7-4668-BE54-9A1E7A4F7556}") = "R5T.Plymouth.Host", "R5T.Plymouth.Host\R5T.Plymouth.Host.csproj", "{BD763B64-4A96-4D04-BCD0-DC6388C091F6}"
EndProject
Project("{9A19103F-16F7-4668-BE54-9A1E7A4F7556}") = "R5T.Plymouth.ProgramAsAService", "R5T.Plymouth.ProgramAsAService\R5T.Plymouth.ProgramAsAService.csproj", "{CFDA78F3-CC59-4B10-B83A-1C6F5A9B2F80}"
EndProject
Project("{2150E333-8FDC-42A3-9474-1A3956D46DE8}") = "_Dependencies", "_Dependencies", "{13BFF37F-61B8-4E97-8872-60A10177E93E}"
EndProject
Project("{9A19103F-16F7-4668-BE54-9A1E7A4F7556}") = "R5T.Dacia.Extensions", "..\..\R5T.Dacia.Extensions\source\R5T.Dacia.Extensions\R5T.Dacia.Extensions.csproj", "{4AB2A36B-6282-42C6-8480-8CB0F0BB44C8}"
EndProject
Project("{9A19103F-16F7-4668-BE54-9A1E7A4F7556}") = "R5T.Dacia", "..\..\R5T.Dacia\source\R5T.Dacia\R5T.Dacia.csproj", "{BBC0E47F-A865-4E2F-9AD9-AEFCF5F8B1C4}"
EndProject
Project("{9A19103F-16F7-4668-BE54-9A1E7A4F7556}") = "R5T.Chamavia.Extensions", "..\..\R5T.Chamavia.Extensions\source\R5T.Chamavia.Extensions\R5T.Chamavia.Extensions.csproj", "{25FA8043-8BE6-40CF-9DCF-EDDA44584BA1}"
EndProject
Project("{9A19103F-16F7-4668-BE54-9A1E7A4F7556}") = "R5T.Chamavia", "..\..\R5T.Chamavia\source\R5T.Chamavia\R5T.Chamavia.csproj", "{76203B50-6CE2-44F3-AAFA-1549302F7765}"
EndProject
Project("{9A19103F-16F7-4668-BE54-9A1E7A4F7556}") = "R5T.Plymouth.ServiceProvider", "R5T.Plymouth.ServiceProvider\R5T.Plymouth.ServiceProvider.csproj", "{19F2BE1C-BB42-4654-9C3A-528D67B814A1}"
EndProject
Project("{9A19103F-16F7-4668-BE54-9A1E7A4F7556}") = "R5T.Hostia.Extensions", "..\..\R5T.Hostia\source\R5T.Hostia.Extensions\R5T.Hostia.Extensions.csproj", "{77C08DF9-C842-4B1D-BBCA-9B9C165A8428}"
EndProject
Project("{9A19103F-16F7-4668-BE54-9A1E7A4F7556}") = "R5T.Hostia", "..\..\R5T.Hostia\source\R5T.Hostia\R5T.Hostia.csproj", "{12DED5DF-5FEF-4A31-8118-F45B7C876C23}"
EndProject
Project("{9A19103F-16F7-4668-BE54-9A1E7A4F7556}") = "R5T.Langobard.Console", "..\..\R5T.Langobard\source\R5T.Langobard.Console\R5T.Langobard.Console.csproj", "{044A4C2A-397E-4186-8C52-285E1EBED7D6}"
EndProject
Project("{9A19103F-16F7-4668-BE54-9A1E7A4F7556}") = "R5T.Langobard", "..\..\R5T.Langobard\source\R5T.Langobard\R5T.Langobard.csproj", "{24BBF45E-2A42-4C58-94F0-2126C9F13683}"
EndProject
Project("{9A19103F-16F7-4668-BE54-9A1E7A4F7556}") = "R5T.Langobard.Extensions", "..\..\R5T.Langobard.Extensions\source\R5T.Langobard.Extensions\R5T.Langobard.Extensions.csproj", "{B3D70E07-7C00-4467-94C5-EF8A8F523717}"
EndProject
Project("{9A19103F-16F7-4668-BE54-9A1E7A4F7556}") = "R5T.Magyar", "..\..\R5T.Magyar\source\R5T.Magyar\R5T.Magyar.csproj", "{C6261360-4FC4-49F5-8FD7-3724AB3355D0}"
EndProject
Project("{9A19103F-16F7-4668-BE54-9A1E7A4F7556}") = "R5T.T0064", "..\..\R5T.T0064\source\R5T.T0064\R5T.T0064.csproj", "{6FA3A0EB-855B-4B09-9484-9AE3F9EEABA6}"
EndProject
Project("{9A19103F-16F7-4668-BE54-9A1E7A4F7556}") = "R5T.T0143", "..\..\R5T.T0143\source\R5T.T0143\R5T.T0143.csproj", "{CAE5D367-5C35-4FA7-9DBB-E3E7CFE2BD5D}"
EndProject
Project("{9A19103F-16F7-4668-BE54-9A1E7A4F7556}") = "R5T.T0064.T001", "..\..\R5T.T0064\source\R5T.T0064.T001\R5T.T0064.T001.csproj", "{14445C30-0A8E-4742-805C-2DCF6D7A0E0D}"
EndProject
Global
	GlobalSection(SolutionConfigurationPlatforms) = preSolution
		Debug|Any CPU = Debug|Any CPU
		Debug|x64 = Debug|x64
		Debug|x86 = Debug|x86
		Release|Any CPU = Release|Any CPU
		Release|x64 = Release|x64
		Release|x86 = Release|x86
	EndGlobalSection
	GlobalSection(ProjectConfigurationPlatforms) = postSolution
		{B3E0909B-BED7-4558-90DE-7D1DC798D758}.Debug|Any CPU.ActiveCfg = Debug|Any CPU
		{B3E0909B-BED7-4558-90DE-7D1DC798D758}.Debug|Any CPU.Build.0 = Debug|Any CPU
		{B3E0909B-BED7-4558-90DE-7D1DC798D758}.Debug|x64.ActiveCfg = Debug|Any CPU
		{B3E0909B-BED7-4558-90DE-7D1DC798D758}.Debug|x64.Build.0 = Debug|Any CPU
		{B3E0909B-BED7-4558-90DE-7D1DC798D758}.Debug|x86.ActiveCfg = Debug|Any CPU
		{B3E0909B-BED7-4558-90DE-7D1DC798D758}.Debug|x86.Build.0 = Debug|Any CPU
		{B3E0909B-BED7-4558-90DE-7D1DC798D758}.Release|Any CPU.ActiveCfg = Release|Any CPU
		{B3E0909B-BED7-4558-90DE-7D1DC798D758}.Release|Any CPU.Build.0 = Release|Any CPU
		{B3E0909B-BED7-4558-90DE-7D1DC798D758}.Release|x64.ActiveCfg = Release|Any CPU
		{B3E0909B-BED7-4558-90DE-7D1DC798D758}.Release|x64.Build.0 = Release|Any CPU
		{B3E0909B-BED7-4558-90DE-7D1DC798D758}.Release|x86.ActiveCfg = Release|Any CPU
		{B3E0909B-BED7-4558-90DE-7D1DC798D758}.Release|x86.Build.0 = Release|Any CPU
		{874014FB-E933-4614-B99B-3D29D10574A4}.Debug|Any CPU.ActiveCfg = Debug|Any CPU
		{874014FB-E933-4614-B99B-3D29D10574A4}.Debug|Any CPU.Build.0 = Debug|Any CPU
		{874014FB-E933-4614-B99B-3D29D10574A4}.Debug|x64.ActiveCfg = Debug|Any CPU
		{874014FB-E933-4614-B99B-3D29D10574A4}.Debug|x64.Build.0 = Debug|Any CPU
		{874014FB-E933-4614-B99B-3D29D10574A4}.Debug|x86.ActiveCfg = Debug|Any CPU
		{874014FB-E933-4614-B99B-3D29D10574A4}.Debug|x86.Build.0 = Debug|Any CPU
		{874014FB-E933-4614-B99B-3D29D10574A4}.Release|Any CPU.ActiveCfg = Release|Any CPU
		{874014FB-E933-4614-B99B-3D29D10574A4}.Release|Any CPU.Build.0 = Release|Any CPU
		{874014FB-E933-4614-B99B-3D29D10574A4}.Release|x64.ActiveCfg = Release|Any CPU
		{874014FB-E933-4614-B99B-3D29D10574A4}.Release|x64.Build.0 = Release|Any CPU
		{874014FB-E933-4614-B99B-3D29D10574A4}.Release|x86.ActiveCfg = Release|Any CPU
		{874014FB-E933-4614-B99B-3D29D10574A4}.Release|x86.Build.0 = Release|Any CPU
		{718EBD1D-9AF1-4892-AEEA-C239F96FE583}.Debug|Any CPU.ActiveCfg = Debug|Any CPU
		{718EBD1D-9AF1-4892-AEEA-C239F96FE583}.Debug|Any CPU.Build.0 = Debug|Any CPU
		{718EBD1D-9AF1-4892-AEEA-C239F96FE583}.Debug|x64.ActiveCfg = Debug|Any CPU
		{718EBD1D-9AF1-4892-AEEA-C239F96FE583}.Debug|x64.Build.0 = Debug|Any CPU
		{718EBD1D-9AF1-4892-AEEA-C239F96FE583}.Debug|x86.ActiveCfg = Debug|Any CPU
		{718EBD1D-9AF1-4892-AEEA-C239F96FE583}.Debug|x86.Build.0 = Debug|Any CPU
		{718EBD1D-9AF1-4892-AEEA-C239F96FE583}.Release|Any CPU.ActiveCfg = Release|Any CPU
		{718EBD1D-9AF1-4892-AEEA-C239F96FE583}.Release|Any CPU.Build.0 = Release|Any CPU
		{718EBD1D-9AF1-4892-AEEA-C239F96FE583}.Release|x64.ActiveCfg = Release|Any CPU
		{718EBD1D-9AF1-4892-AEEA-C239F96FE583}.Release|x64.Build.0 = Release|Any CPU
		{718EBD1D-9AF1-4892-AEEA-C239F96FE583}.Release|x86.ActiveCfg = Release|Any CPU
		{718EBD1D-9AF1-4892-AEEA-C239F96FE583}.Release|x86.Build.0 = Release|Any CPU
		{BD763B64-4A96-4D04-BCD0-DC6388C091F6}.Debug|Any CPU.ActiveCfg = Debug|Any CPU
		{BD763B64-4A96-4D04-BCD0-DC6388C091F6}.Debug|Any CPU.Build.0 = Debug|Any CPU
		{BD763B64-4A96-4D04-BCD0-DC6388C091F6}.Debug|x64.ActiveCfg = Debug|Any CPU
		{BD763B64-4A96-4D04-BCD0-DC6388C091F6}.Debug|x64.Build.0 = Debug|Any CPU
		{BD763B64-4A96-4D04-BCD0-DC6388C091F6}.Debug|x86.ActiveCfg = Debug|Any CPU
		{BD763B64-4A96-4D04-BCD0-DC6388C091F6}.Debug|x86.Build.0 = Debug|Any CPU
		{BD763B64-4A96-4D04-BCD0-DC6388C091F6}.Release|Any CPU.ActiveCfg = Release|Any CPU
		{BD763B64-4A96-4D04-BCD0-DC6388C091F6}.Release|Any CPU.Build.0 = Release|Any CPU
		{BD763B64-4A96-4D04-BCD0-DC6388C091F6}.Release|x64.ActiveCfg = Release|Any CPU
		{BD763B64-4A96-4D04-BCD0-DC6388C091F6}.Release|x64.Build.0 = Release|Any CPU
		{BD763B64-4A96-4D04-BCD0-DC6388C091F6}.Release|x86.ActiveCfg = Release|Any CPU
		{BD763B64-4A96-4D04-BCD0-DC6388C091F6}.Release|x86.Build.0 = Release|Any CPU
		{CFDA78F3-CC59-4B10-B83A-1C6F5A9B2F80}.Debug|Any CPU.ActiveCfg = Debug|Any CPU
		{CFDA78F3-CC59-4B10-B83A-1C6F5A9B2F80}.Debug|Any CPU.Build.0 = Debug|Any CPU
		{CFDA78F3-CC59-4B10-B83A-1C6F5A9B2F80}.Debug|x64.ActiveCfg = Debug|Any CPU
		{CFDA78F3-CC59-4B10-B83A-1C6F5A9B2F80}.Debug|x64.Build.0 = Debug|Any CPU
		{CFDA78F3-CC59-4B10-B83A-1C6F5A9B2F80}.Debug|x86.ActiveCfg = Debug|Any CPU
		{CFDA78F3-CC59-4B10-B83A-1C6F5A9B2F80}.Debug|x86.Build.0 = Debug|Any CPU
		{CFDA78F3-CC59-4B10-B83A-1C6F5A9B2F80}.Release|Any CPU.ActiveCfg = Release|Any CPU
		{CFDA78F3-CC59-4B10-B83A-1C6F5A9B2F80}.Release|Any CPU.Build.0 = Release|Any CPU
		{CFDA78F3-CC59-4B10-B83A-1C6F5A9B2F80}.Release|x64.ActiveCfg = Release|Any CPU
		{CFDA78F3-CC59-4B10-B83A-1C6F5A9B2F80}.Release|x64.Build.0 = Release|Any CPU
		{CFDA78F3-CC59-4B10-B83A-1C6F5A9B2F80}.Release|x86.ActiveCfg = Release|Any CPU
		{CFDA78F3-CC59-4B10-B83A-1C6F5A9B2F80}.Release|x86.Build.0 = Release|Any CPU
		{4AB2A36B-6282-42C6-8480-8CB0F0BB44C8}.Debug|Any CPU.ActiveCfg = Debug|Any CPU
		{4AB2A36B-6282-42C6-8480-8CB0F0BB44C8}.Debug|Any CPU.Build.0 = Debug|Any CPU
		{4AB2A36B-6282-42C6-8480-8CB0F0BB44C8}.Debug|x64.ActiveCfg = Debug|Any CPU
		{4AB2A36B-6282-42C6-8480-8CB0F0BB44C8}.Debug|x64.Build.0 = Debug|Any CPU
		{4AB2A36B-6282-42C6-8480-8CB0F0BB44C8}.Debug|x86.ActiveCfg = Debug|Any CPU
		{4AB2A36B-6282-42C6-8480-8CB0F0BB44C8}.Debug|x86.Build.0 = Debug|Any CPU
		{4AB2A36B-6282-42C6-8480-8CB0F0BB44C8}.Release|Any CPU.ActiveCfg = Release|Any CPU
		{4AB2A36B-6282-42C6-8480-8CB0F0BB44C8}.Release|Any CPU.Build.0 = Release|Any CPU
		{4AB2A36B-6282-42C6-8480-8CB0F0BB44C8}.Release|x64.ActiveCfg = Release|Any CPU
		{4AB2A36B-6282-42C6-8480-8CB0F0BB44C8}.Release|x64.Build.0 = Release|Any CPU
		{4AB2A36B-6282-42C6-8480-8CB0F0BB44C8}.Release|x86.ActiveCfg = Release|Any CPU
		{4AB2A36B-6282-42C6-8480-8CB0F0BB44C8}.Release|x86.Build.0 = Release|Any CPU
		{BBC0E47F-A865-4E2F-9AD9-AEFCF5F8B1C4}.Debug|Any CPU.ActiveCfg = Debug|Any CPU
		{BBC0E47F-A865-4E2F-9AD9-AEFCF5F8B1C4}.Debug|Any CPU.Build.0 = Debug|Any CPU
		{BBC0E47F-A865-4E2F-9AD9-AEFCF5F8B1C4}.Debug|x64.ActiveCfg = Debug|Any CPU
		{BBC0E47F-A865-4E2F-9AD9-AEFCF5F8B1C4}.Debug|x64.Build.0 = Debug|Any CPU
		{BBC0E47F-A865-4E2F-9AD9-AEFCF5F8B1C4}.Debug|x86.ActiveCfg = Debug|Any CPU
		{BBC0E47F-A865-4E2F-9AD9-AEFCF5F8B1C4}.Debug|x86.Build.0 = Debug|Any CPU
		{BBC0E47F-A865-4E2F-9AD9-AEFCF5F8B1C4}.Release|Any CPU.ActiveCfg = Release|Any CPU
		{BBC0E47F-A865-4E2F-9AD9-AEFCF5F8B1C4}.Release|Any CPU.Build.0 = Release|Any CPU
		{BBC0E47F-A865-4E2F-9AD9-AEFCF5F8B1C4}.Release|x64.ActiveCfg = Release|Any CPU
		{BBC0E47F-A865-4E2F-9AD9-AEFCF5F8B1C4}.Release|x64.Build.0 = Release|Any CPU
		{BBC0E47F-A865-4E2F-9AD9-AEFCF5F8B1C4}.Release|x86.ActiveCfg = Release|Any CPU
		{BBC0E47F-A865-4E2F-9AD9-AEFCF5F8B1C4}.Release|x86.Build.0 = Release|Any CPU
		{25FA8043-8BE6-40CF-9DCF-EDDA44584BA1}.Debug|Any CPU.ActiveCfg = Debug|Any CPU
		{25FA8043-8BE6-40CF-9DCF-EDDA44584BA1}.Debug|Any CPU.Build.0 = Debug|Any CPU
		{25FA8043-8BE6-40CF-9DCF-EDDA44584BA1}.Debug|x64.ActiveCfg = Debug|Any CPU
		{25FA8043-8BE6-40CF-9DCF-EDDA44584BA1}.Debug|x64.Build.0 = Debug|Any CPU
		{25FA8043-8BE6-40CF-9DCF-EDDA44584BA1}.Debug|x86.ActiveCfg = Debug|Any CPU
		{25FA8043-8BE6-40CF-9DCF-EDDA44584BA1}.Debug|x86.Build.0 = Debug|Any CPU
		{25FA8043-8BE6-40CF-9DCF-EDDA44584BA1}.Release|Any CPU.ActiveCfg = Release|Any CPU
		{25FA8043-8BE6-40CF-9DCF-EDDA44584BA1}.Release|Any CPU.Build.0 = Release|Any CPU
		{25FA8043-8BE6-40CF-9DCF-EDDA44584BA1}.Release|x64.ActiveCfg = Release|Any CPU
		{25FA8043-8BE6-40CF-9DCF-EDDA44584BA1}.Release|x64.Build.0 = Release|Any CPU
		{25FA8043-8BE6-40CF-9DCF-EDDA44584BA1}.Release|x86.ActiveCfg = Release|Any CPU
		{25FA8043-8BE6-40CF-9DCF-EDDA44584BA1}.Release|x86.Build.0 = Release|Any CPU
		{76203B50-6CE2-44F3-AAFA-1549302F7765}.Debug|Any CPU.ActiveCfg = Debug|Any CPU
		{76203B50-6CE2-44F3-AAFA-1549302F7765}.Debug|Any CPU.Build.0 = Debug|Any CPU
		{76203B50-6CE2-44F3-AAFA-1549302F7765}.Debug|x64.ActiveCfg = Debug|Any CPU
		{76203B50-6CE2-44F3-AAFA-1549302F7765}.Debug|x64.Build.0 = Debug|Any CPU
		{76203B50-6CE2-44F3-AAFA-1549302F7765}.Debug|x86.ActiveCfg = Debug|Any CPU
		{76203B50-6CE2-44F3-AAFA-1549302F7765}.Debug|x86.Build.0 = Debug|Any CPU
		{76203B50-6CE2-44F3-AAFA-1549302F7765}.Release|Any CPU.ActiveCfg = Release|Any CPU
		{76203B50-6CE2-44F3-AAFA-1549302F7765}.Release|Any CPU.Build.0 = Release|Any CPU
		{76203B50-6CE2-44F3-AAFA-1549302F7765}.Release|x64.ActiveCfg = Release|Any CPU
		{76203B50-6CE2-44F3-AAFA-1549302F7765}.Release|x64.Build.0 = Release|Any CPU
		{76203B50-6CE2-44F3-AAFA-1549302F7765}.Release|x86.ActiveCfg = Release|Any CPU
		{76203B50-6CE2-44F3-AAFA-1549302F7765}.Release|x86.Build.0 = Release|Any CPU
		{19F2BE1C-BB42-4654-9C3A-528D67B814A1}.Debug|Any CPU.ActiveCfg = Debug|Any CPU
		{19F2BE1C-BB42-4654-9C3A-528D67B814A1}.Debug|Any CPU.Build.0 = Debug|Any CPU
		{19F2BE1C-BB42-4654-9C3A-528D67B814A1}.Debug|x64.ActiveCfg = Debug|Any CPU
		{19F2BE1C-BB42-4654-9C3A-528D67B814A1}.Debug|x64.Build.0 = Debug|Any CPU
		{19F2BE1C-BB42-4654-9C3A-528D67B814A1}.Debug|x86.ActiveCfg = Debug|Any CPU
		{19F2BE1C-BB42-4654-9C3A-528D67B814A1}.Debug|x86.Build.0 = Debug|Any CPU
		{19F2BE1C-BB42-4654-9C3A-528D67B814A1}.Release|Any CPU.ActiveCfg = Release|Any CPU
		{19F2BE1C-BB42-4654-9C3A-528D67B814A1}.Release|Any CPU.Build.0 = Release|Any CPU
		{19F2BE1C-BB42-4654-9C3A-528D67B814A1}.Release|x64.ActiveCfg = Release|Any CPU
		{19F2BE1C-BB42-4654-9C3A-528D67B814A1}.Release|x64.Build.0 = Release|Any CPU
		{19F2BE1C-BB42-4654-9C3A-528D67B814A1}.Release|x86.ActiveCfg = Release|Any CPU
		{19F2BE1C-BB42-4654-9C3A-528D67B814A1}.Release|x86.Build.0 = Release|Any CPU
		{77C08DF9-C842-4B1D-BBCA-9B9C165A8428}.Debug|Any CPU.ActiveCfg = Debug|Any CPU
		{77C08DF9-C842-4B1D-BBCA-9B9C165A8428}.Debug|Any CPU.Build.0 = Debug|Any CPU
		{77C08DF9-C842-4B1D-BBCA-9B9C165A8428}.Debug|x64.ActiveCfg = Debug|Any CPU
		{77C08DF9-C842-4B1D-BBCA-9B9C165A8428}.Debug|x64.Build.0 = Debug|Any CPU
		{77C08DF9-C842-4B1D-BBCA-9B9C165A8428}.Debug|x86.ActiveCfg = Debug|Any CPU
		{77C08DF9-C842-4B1D-BBCA-9B9C165A8428}.Debug|x86.Build.0 = Debug|Any CPU
		{77C08DF9-C842-4B1D-BBCA-9B9C165A8428}.Release|Any CPU.ActiveCfg = Release|Any CPU
		{77C08DF9-C842-4B1D-BBCA-9B9C165A8428}.Release|Any CPU.Build.0 = Release|Any CPU
		{77C08DF9-C842-4B1D-BBCA-9B9C165A8428}.Release|x64.ActiveCfg = Release|Any CPU
		{77C08DF9-C842-4B1D-BBCA-9B9C165A8428}.Release|x64.Build.0 = Release|Any CPU
		{77C08DF9-C842-4B1D-BBCA-9B9C165A8428}.Release|x86.ActiveCfg = Release|Any CPU
		{77C08DF9-C842-4B1D-BBCA-9B9C165A8428}.Release|x86.Build.0 = Release|Any CPU
		{12DED5DF-5FEF-4A31-8118-F45B7C876C23}.Debug|Any CPU.ActiveCfg = Debug|Any CPU
		{12DED5DF-5FEF-4A31-8118-F45B7C876C23}.Debug|Any CPU.Build.0 = Debug|Any CPU
		{12DED5DF-5FEF-4A31-8118-F45B7C876C23}.Debug|x64.ActiveCfg = Debug|Any CPU
		{12DED5DF-5FEF-4A31-8118-F45B7C876C23}.Debug|x64.Build.0 = Debug|Any CPU
		{12DED5DF-5FEF-4A31-8118-F45B7C876C23}.Debug|x86.ActiveCfg = Debug|Any CPU
		{12DED5DF-5FEF-4A31-8118-F45B7C876C23}.Debug|x86.Build.0 = Debug|Any CPU
		{12DED5DF-5FEF-4A31-8118-F45B7C876C23}.Release|Any CPU.ActiveCfg = Release|Any CPU
		{12DED5DF-5FEF-4A31-8118-F45B7C876C23}.Release|Any CPU.Build.0 = Release|Any CPU
		{12DED5DF-5FEF-4A31-8118-F45B7C876C23}.Release|x64.ActiveCfg = Release|Any CPU
		{12DED5DF-5FEF-4A31-8118-F45B7C876C23}.Release|x64.Build.0 = Release|Any CPU
		{12DED5DF-5FEF-4A31-8118-F45B7C876C23}.Release|x86.ActiveCfg = Release|Any CPU
		{12DED5DF-5FEF-4A31-8118-F45B7C876C23}.Release|x86.Build.0 = Release|Any CPU
		{044A4C2A-397E-4186-8C52-285E1EBED7D6}.Debug|Any CPU.ActiveCfg = Debug|Any CPU
		{044A4C2A-397E-4186-8C52-285E1EBED7D6}.Debug|Any CPU.Build.0 = Debug|Any CPU
		{044A4C2A-397E-4186-8C52-285E1EBED7D6}.Debug|x64.ActiveCfg = Debug|Any CPU
		{044A4C2A-397E-4186-8C52-285E1EBED7D6}.Debug|x64.Build.0 = Debug|Any CPU
		{044A4C2A-397E-4186-8C52-285E1EBED7D6}.Debug|x86.ActiveCfg = Debug|Any CPU
		{044A4C2A-397E-4186-8C52-285E1EBED7D6}.Debug|x86.Build.0 = Debug|Any CPU
		{044A4C2A-397E-4186-8C52-285E1EBED7D6}.Release|Any CPU.ActiveCfg = Release|Any CPU
		{044A4C2A-397E-4186-8C52-285E1EBED7D6}.Release|Any CPU.Build.0 = Release|Any CPU
		{044A4C2A-397E-4186-8C52-285E1EBED7D6}.Release|x64.ActiveCfg = Release|Any CPU
		{044A4C2A-397E-4186-8C52-285E1EBED7D6}.Release|x64.Build.0 = Release|Any CPU
		{044A4C2A-397E-4186-8C52-285E1EBED7D6}.Release|x86.ActiveCfg = Release|Any CPU
		{044A4C2A-397E-4186-8C52-285E1EBED7D6}.Release|x86.Build.0 = Release|Any CPU
		{24BBF45E-2A42-4C58-94F0-2126C9F13683}.Debug|Any CPU.ActiveCfg = Debug|Any CPU
		{24BBF45E-2A42-4C58-94F0-2126C9F13683}.Debug|Any CPU.Build.0 = Debug|Any CPU
		{24BBF45E-2A42-4C58-94F0-2126C9F13683}.Debug|x64.ActiveCfg = Debug|Any CPU
		{24BBF45E-2A42-4C58-94F0-2126C9F13683}.Debug|x64.Build.0 = Debug|Any CPU
		{24BBF45E-2A42-4C58-94F0-2126C9F13683}.Debug|x86.ActiveCfg = Debug|Any CPU
		{24BBF45E-2A42-4C58-94F0-2126C9F13683}.Debug|x86.Build.0 = Debug|Any CPU
		{24BBF45E-2A42-4C58-94F0-2126C9F13683}.Release|Any CPU.ActiveCfg = Release|Any CPU
		{24BBF45E-2A42-4C58-94F0-2126C9F13683}.Release|Any CPU.Build.0 = Release|Any CPU
		{24BBF45E-2A42-4C58-94F0-2126C9F13683}.Release|x64.ActiveCfg = Release|Any CPU
		{24BBF45E-2A42-4C58-94F0-2126C9F13683}.Release|x64.Build.0 = Release|Any CPU
		{24BBF45E-2A42-4C58-94F0-2126C9F13683}.Release|x86.ActiveCfg = Release|Any CPU
		{24BBF45E-2A42-4C58-94F0-2126C9F13683}.Release|x86.Build.0 = Release|Any CPU
		{B3D70E07-7C00-4467-94C5-EF8A8F523717}.Debug|Any CPU.ActiveCfg = Debug|Any CPU
		{B3D70E07-7C00-4467-94C5-EF8A8F523717}.Debug|Any CPU.Build.0 = Debug|Any CPU
		{B3D70E07-7C00-4467-94C5-EF8A8F523717}.Debug|x64.ActiveCfg = Debug|Any CPU
		{B3D70E07-7C00-4467-94C5-EF8A8F523717}.Debug|x64.Build.0 = Debug|Any CPU
		{B3D70E07-7C00-4467-94C5-EF8A8F523717}.Debug|x86.ActiveCfg = Debug|Any CPU
		{B3D70E07-7C00-4467-94C5-EF8A8F523717}.Debug|x86.Build.0 = Debug|Any CPU
		{B3D70E07-7C00-4467-94C5-EF8A8F523717}.Release|Any CPU.ActiveCfg = Release|Any CPU
		{B3D70E07-7C00-4467-94C5-EF8A8F523717}.Release|Any CPU.Build.0 = Release|Any CPU
		{B3D70E07-7C00-4467-94C5-EF8A8F523717}.Release|x64.ActiveCfg = Release|Any CPU
		{B3D70E07-7C00-4467-94C5-EF8A8F523717}.Release|x64.Build.0 = Release|Any CPU
		{B3D70E07-7C00-4467-94C5-EF8A8F523717}.Release|x86.ActiveCfg = Release|Any CPU
		{B3D70E07-7C00-4467-94C5-EF8A8F523717}.Release|x86.Build.0 = Release|Any CPU
		{C6261360-4FC4-49F5-8FD7-3724AB3355D0}.Debug|Any CPU.ActiveCfg = Debug|Any CPU
		{C6261360-4FC4-49F5-8FD7-3724AB3355D0}.Debug|Any CPU.Build.0 = Debug|Any CPU
		{C6261360-4FC4-49F5-8FD7-3724AB3355D0}.Debug|x64.ActiveCfg = Debug|Any CPU
		{C6261360-4FC4-49F5-8FD7-3724AB3355D0}.Debug|x64.Build.0 = Debug|Any CPU
		{C6261360-4FC4-49F5-8FD7-3724AB3355D0}.Debug|x86.ActiveCfg = Debug|Any CPU
		{C6261360-4FC4-49F5-8FD7-3724AB3355D0}.Debug|x86.Build.0 = Debug|Any CPU
		{C6261360-4FC4-49F5-8FD7-3724AB3355D0}.Release|Any CPU.ActiveCfg = Release|Any CPU
		{C6261360-4FC4-49F5-8FD7-3724AB3355D0}.Release|Any CPU.Build.0 = Release|Any CPU
		{C6261360-4FC4-49F5-8FD7-3724AB3355D0}.Release|x64.ActiveCfg = Release|Any CPU
		{C6261360-4FC4-49F5-8FD7-3724AB3355D0}.Release|x64.Build.0 = Release|Any CPU
		{C6261360-4FC4-49F5-8FD7-3724AB3355D0}.Release|x86.ActiveCfg = Release|Any CPU
		{C6261360-4FC4-49F5-8FD7-3724AB3355D0}.Release|x86.Build.0 = Release|Any CPU
		{6FA3A0EB-855B-4B09-9484-9AE3F9EEABA6}.Debug|Any CPU.ActiveCfg = Debug|Any CPU
		{6FA3A0EB-855B-4B09-9484-9AE3F9EEABA6}.Debug|Any CPU.Build.0 = Debug|Any CPU
		{6FA3A0EB-855B-4B09-9484-9AE3F9EEABA6}.Debug|x64.ActiveCfg = Debug|Any CPU
		{6FA3A0EB-855B-4B09-9484-9AE3F9EEABA6}.Debug|x64.Build.0 = Debug|Any CPU
		{6FA3A0EB-855B-4B09-9484-9AE3F9EEABA6}.Debug|x86.ActiveCfg = Debug|Any CPU
		{6FA3A0EB-855B-4B09-9484-9AE3F9EEABA6}.Debug|x86.Build.0 = Debug|Any CPU
		{6FA3A0EB-855B-4B09-9484-9AE3F9EEABA6}.Release|Any CPU.ActiveCfg = Release|Any CPU
		{6FA3A0EB-855B-4B09-9484-9AE3F9EEABA6}.Release|Any CPU.Build.0 = Release|Any CPU
		{6FA3A0EB-855B-4B09-9484-9AE3F9EEABA6}.Release|x64.ActiveCfg = Release|Any CPU
		{6FA3A0EB-855B-4B09-9484-9AE3F9EEABA6}.Release|x64.Build.0 = Release|Any CPU
		{6FA3A0EB-855B-4B09-9484-9AE3F9EEABA6}.Release|x86.ActiveCfg = Release|Any CPU
		{6FA3A0EB-855B-4B09-9484-9AE3F9EEABA6}.Release|x86.Build.0 = Release|Any CPU
		{CAE5D367-5C35-4FA7-9DBB-E3E7CFE2BD5D}.Debug|Any CPU.ActiveCfg = Debug|Any CPU
		{CAE5D367-5C35-4FA7-9DBB-E3E7CFE2BD5D}.Debug|Any CPU.Build.0 = Debug|Any CPU
		{CAE5D367-5C35-4FA7-9DBB-E3E7CFE2BD5D}.Debug|x64.ActiveCfg = Debug|Any CPU
		{CAE5D367-5C35-4FA7-9DBB-E3E7CFE2BD5D}.Debug|x64.Build.0 = Debug|Any CPU
		{CAE5D367-5C35-4FA7-9DBB-E3E7CFE2BD5D}.Debug|x86.ActiveCfg = Debug|Any CPU
		{CAE5D367-5C35-4FA7-9DBB-E3E7CFE2BD5D}.Debug|x86.Build.0 = Debug|Any CPU
		{CAE5D367-5C35-4FA7-9DBB-E3E7CFE2BD5D}.Release|Any CPU.ActiveCfg = Release|Any CPU
		{CAE5D367-5C35-4FA7-9DBB-E3E7CFE2BD5D}.Release|Any CPU.Build.0 = Release|Any CPU
		{CAE5D367-5C35-4FA7-9DBB-E3E7CFE2BD5D}.Release|x64.ActiveCfg = Release|Any CPU
		{CAE5D367-5C35-4FA7-9DBB-E3E7CFE2BD5D}.Release|x64.Build.0 = Release|Any CPU
		{CAE5D367-5C35-4FA7-9DBB-E3E7CFE2BD5D}.Release|x86.ActiveCfg = Release|Any CPU
		{CAE5D367-5C35-4FA7-9DBB-E3E7CFE2BD5D}.Release|x86.Build.0 = Release|Any CPU
		{14445C30-0A8E-4742-805C-2DCF6D7A0E0D}.Debug|Any CPU.ActiveCfg = Debug|Any CPU
		{14445C30-0A8E-4742-805C-2DCF6D7A0E0D}.Debug|Any CPU.Build.0 = Debug|Any CPU
		{14445C30-0A8E-4742-805C-2DCF6D7A0E0D}.Debug|x64.ActiveCfg = Debug|Any CPU
		{14445C30-0A8E-4742-805C-2DCF6D7A0E0D}.Debug|x64.Build.0 = Debug|Any CPU
		{14445C30-0A8E-4742-805C-2DCF6D7A0E0D}.Debug|x86.ActiveCfg = Debug|Any CPU
		{14445C30-0A8E-4742-805C-2DCF6D7A0E0D}.Debug|x86.Build.0 = Debug|Any CPU
		{14445C30-0A8E-4742-805C-2DCF6D7A0E0D}.Release|Any CPU.ActiveCfg = Release|Any CPU
		{14445C30-0A8E-4742-805C-2DCF6D7A0E0D}.Release|Any CPU.Build.0 = Release|Any CPU
		{14445C30-0A8E-4742-805C-2DCF6D7A0E0D}.Release|x64.ActiveCfg = Release|Any CPU
		{14445C30-0A8E-4742-805C-2DCF6D7A0E0D}.Release|x64.Build.0 = Release|Any CPU
		{14445C30-0A8E-4742-805C-2DCF6D7A0E0D}.Release|x86.ActiveCfg = Release|Any CPU
		{14445C30-0A8E-4742-805C-2DCF6D7A0E0D}.Release|x86.Build.0 = Release|Any CPU
	EndGlobalSection
	GlobalSection(SolutionProperties) = preSolution
		HideSolutionNode = FALSE
	EndGlobalSection
	GlobalSection(NestedProjects) = preSolution
		{4AB2A36B-6282-42C6-8480-8CB0F0BB44C8} = {13BFF37F-61B8-4E97-8872-60A10177E93E}
		{BBC0E47F-A865-4E2F-9AD9-AEFCF5F8B1C4} = {13BFF37F-61B8-4E97-8872-60A10177E93E}
		{25FA8043-8BE6-40CF-9DCF-EDDA44584BA1} = {13BFF37F-61B8-4E97-8872-60A10177E93E}
		{76203B50-6CE2-44F3-AAFA-1549302F7765} = {13BFF37F-61B8-4E97-8872-60A10177E93E}
		{77C08DF9-C842-4B1D-BBCA-9B9C165A8428} = {13BFF37F-61B8-4E97-8872-60A10177E93E}
		{12DED5DF-5FEF-4A31-8118-F45B7C876C23} = {13BFF37F-61B8-4E97-8872-60A10177E93E}
		{044A4C2A-397E-4186-8C52-285E1EBED7D6} = {13BFF37F-61B8-4E97-8872-60A10177E93E}
		{24BBF45E-2A42-4C58-94F0-2126C9F13683} = {13BFF37F-61B8-4E97-8872-60A10177E93E}
		{B3D70E07-7C00-4467-94C5-EF8A8F523717} = {13BFF37F-61B8-4E97-8872-60A10177E93E}
		{C6261360-4FC4-49F5-8FD7-3724AB3355D0} = {13BFF37F-61B8-4E97-8872-60A10177E93E}
		{6FA3A0EB-855B-4B09-9484-9AE3F9EEABA6} = {13BFF37F-61B8-4E97-8872-60A10177E93E}
		{CAE5D367-5C35-4FA7-9DBB-E3E7CFE2BD5D} = {13BFF37F-61B8-4E97-8872-60A10177E93E}
		{14445C30-0A8E-4742-805C-2DCF6D7A0E0D} = {13BFF37F-61B8-4E97-8872-60A10177E93E}
	EndGlobalSection
	GlobalSection(ExtensibilityGlobals) = postSolution
		SolutionGuid = {8510C49D-D5C7-4AF0-B9B3-113E3F492873}
	EndGlobalSection
EndGlobal
